
Microsoft Visual Studio Solution File, Format Version 12.00
# Visual Studio 15
VisualStudioVersion = 15.0.27428.2005
MinimumVisualStudioVersion = 10.0.40219.1
Project("{FAE04EC0-301F-11D3-BF4B-00C04F79EFBC}") = "GitIntro", "GitIntro\GitIntro.csproj", "{0F1CF239-2070-4CE1-A8FB-1E401F1473B8}"
EndProject
Global
	GlobalSection(SolutionConfigurationPlatforms) = preSolution
		Debug|Any CPU = Debug|Any CPU
		Release|Any CPU = Release|Any CPU
	EndGlobalSection
	GlobalSection(ProjectConfigurationPlatforms) = postSolution
		{0F1CF239-2070-4CE1-A8FB-1E401F1473B8}.Debug|Any CPU.ActiveCfg = Debug|Any CPU
		{0F1CF239-2070-4CE1-A8FB-1E401F1473B8}.Debug|Any CPU.Build.0 = Debug|Any CPU
		{0F1CF239-2070-4CE1-A8FB-1E401F1473B8}.Release|Any CPU.ActiveCfg = Release|Any CPU
		{0F1CF239-2070-4CE1-A8FB-1E401F1473B8}.Release|Any CPU.Build.0 = Release|Any CPU
	EndGlobalSection
	GlobalSection(SolutionProperties) = preSolution
		HideSolutionNode = FALSE
	EndGlobalSection
	GlobalSection(ExtensibilityGlobals) = postSolution
		SolutionGuid = {472978A4-042F-45A6-A3BE-B6AEE456B3E8}
	EndGlobalSection
EndGlobal
